
Microsoft Visual Studio Solution File, Format Version 12.00
# Visual Studio Version 17
VisualStudioVersion = 17.11.35222.181
MinimumVisualStudioVersion = 10.0.40219.1
Project("{FAE04EC0-301F-11D3-BF4B-00C04F79EFBC}") = "practica2", "practica2\practica2.csproj", "{5BA80D01-3FD4-4481-8605-640D4DCE12AF}"
EndProject
Global
	GlobalSection(SolutionConfigurationPlatforms) = preSolution
		Debug|Any CPU = Debug|Any CPU
		Release|Any CPU = Release|Any CPU
	EndGlobalSection
	GlobalSection(ProjectConfigurationPlatforms) = postSolution
		{5BA80D01-3FD4-4481-8605-640D4DCE12AF}.Debug|Any CPU.ActiveCfg = Debug|Any CPU
		{5BA80D01-3FD4-4481-8605-640D4DCE12AF}.Debug|Any CPU.Build.0 = Debug|Any CPU
		{5BA80D01-3FD4-4481-8605-640D4DCE12AF}.Release|Any CPU.ActiveCfg = Release|Any CPU
		{5BA80D01-3FD4-4481-8605-640D4DCE12AF}.Release|Any CPU.Build.0 = Release|Any CPU
	EndGlobalSection
	GlobalSection(SolutionProperties) = preSolution
		HideSolutionNode = FALSE
	EndGlobalSection
	GlobalSection(ExtensibilityGlobals) = postSolution
		SolutionGuid = {15EBE3F9-C00F-4B98-A188-8721303C7B32}
	EndGlobalSection
EndGlobal
